
Microsoft Visual Studio Solution File, Format Version 12.00
# Visual Studio Version 16
VisualStudioVersion = 16.0.30114.105
MinimumVisualStudioVersion = 10.0.40219.1
Project("{2150E333-8FDC-42A3-9474-1A3956D46DE8}") = "Libraries", "Libraries", "{4DC2F29A-E8BD-4C1B-A734-C87207245DEF}"
EndProject
Project("{2150E333-8FDC-42A3-9474-1A3956D46DE8}") = "Presentation", "Presentation", "{B4175897-EE1A-4611-B6D3-3E89E7351F1D}"
EndProject
Project("{9A19103F-16F7-4668-BE54-9A1E7A4F7556}") = "Flambee.Service", "Libraries\Flambee.Service\Flambee.Service.csproj", "{108D5033-DB70-4E91-94CD-60B4F612DE8D}"
EndProject
Project("{9A19103F-16F7-4668-BE54-9A1E7A4F7556}") = "Flambee.Core", "Libraries\Flambee.Core\Flambee.Core.csproj", "{D5409738-880C-465A-B998-E9DC55253BAD}"
EndProject
Project("{9A19103F-16F7-4668-BE54-9A1E7A4F7556}") = "Flambee.WebAPI", "Presentation\Flambee.WebAPI\Flambee.WebAPI.csproj", "{958F7629-F7D0-4648-A1D4-5CFDBC22ED0B}"
EndProject
Global
	GlobalSection(SolutionConfigurationPlatforms) = preSolution
		Debug|Any CPU = Debug|Any CPU
		Release|Any CPU = Release|Any CPU
	EndGlobalSection
	GlobalSection(ProjectConfigurationPlatforms) = postSolution
		{108D5033-DB70-4E91-94CD-60B4F612DE8D}.Debug|Any CPU.ActiveCfg = Debug|Any CPU
		{108D5033-DB70-4E91-94CD-60B4F612DE8D}.Debug|Any CPU.Build.0 = Debug|Any CPU
		{108D5033-DB70-4E91-94CD-60B4F612DE8D}.Release|Any CPU.ActiveCfg = Release|Any CPU
		{108D5033-DB70-4E91-94CD-60B4F612DE8D}.Release|Any CPU.Build.0 = Release|Any CPU
		{D5409738-880C-465A-B998-E9DC55253BAD}.Debug|Any CPU.ActiveCfg = Debug|Any CPU
		{D5409738-880C-465A-B998-E9DC55253BAD}.Debug|Any CPU.Build.0 = Debug|Any CPU
		{D5409738-880C-465A-B998-E9DC55253BAD}.Release|Any CPU.ActiveCfg = Release|Any CPU
		{D5409738-880C-465A-B998-E9DC55253BAD}.Release|Any CPU.Build.0 = Release|Any CPU
		{958F7629-F7D0-4648-A1D4-5CFDBC22ED0B}.Debug|Any CPU.ActiveCfg = Debug|Any CPU
		{958F7629-F7D0-4648-A1D4-5CFDBC22ED0B}.Debug|Any CPU.Build.0 = Debug|Any CPU
		{958F7629-F7D0-4648-A1D4-5CFDBC22ED0B}.Release|Any CPU.ActiveCfg = Release|Any CPU
		{958F7629-F7D0-4648-A1D4-5CFDBC22ED0B}.Release|Any CPU.Build.0 = Release|Any CPU
	EndGlobalSection
	GlobalSection(SolutionProperties) = preSolution
		HideSolutionNode = FALSE
	EndGlobalSection
	GlobalSection(NestedProjects) = preSolution
		{108D5033-DB70-4E91-94CD-60B4F612DE8D} = {4DC2F29A-E8BD-4C1B-A734-C87207245DEF}
		{D5409738-880C-465A-B998-E9DC55253BAD} = {4DC2F29A-E8BD-4C1B-A734-C87207245DEF}
		{958F7629-F7D0-4648-A1D4-5CFDBC22ED0B} = {B4175897-EE1A-4611-B6D3-3E89E7351F1D}
	EndGlobalSection
	GlobalSection(ExtensibilityGlobals) = postSolution
		SolutionGuid = {283789CC-F85D-414B-98D7-BC747A23DE4D}
	EndGlobalSection
EndGlobal
