
Microsoft Visual Studio Solution File, Format Version 12.00
# Visual Studio Version 16
VisualStudioVersion = 16.0.30114.105
MinimumVisualStudioVersion = 10.0.40219.1
Project("{2150E333-8FDC-42A3-9474-1A3956D46DE8}") = "Libraries", "Libraries", "{4DC2F29A-E8BD-4C1B-A734-C87207245DEF}"
EndProject
Project("{9A19103F-16F7-4668-BE54-9A1E7A4F7556}") = "Flambee.WebAPI", "Presentation\App.WebAPI\Flambee.WebAPI.csproj", "{93F7025A-832B-4BD1-812C-C387E6F2402D}"
EndProject
Project("{9A19103F-16F7-4668-BE54-9A1E7A4F7556}") = "Flambee.Core", "Libraries\Flambee.Core\Flambee.Core.csproj", "{C75BC4BB-96F9-4EBF-8BE0-62D3AC642152}"
EndProject
Project("{9A19103F-16F7-4668-BE54-9A1E7A4F7556}") = "Flambee.Service", "Libraries\Flambee.Service\Flambee.Service.csproj", "{26588A01-3E71-4F9A-B9BF-921A902138BF}"
EndProject
Global
	GlobalSection(SolutionConfigurationPlatforms) = preSolution
		Debug|Any CPU = Debug|Any CPU
		Release|Any CPU = Release|Any CPU
	EndGlobalSection
	GlobalSection(ProjectConfigurationPlatforms) = postSolution
		{93F7025A-832B-4BD1-812C-C387E6F2402D}.Debug|Any CPU.ActiveCfg = Debug|Any CPU
		{93F7025A-832B-4BD1-812C-C387E6F2402D}.Debug|Any CPU.Build.0 = Debug|Any CPU
		{93F7025A-832B-4BD1-812C-C387E6F2402D}.Release|Any CPU.ActiveCfg = Release|Any CPU
		{93F7025A-832B-4BD1-812C-C387E6F2402D}.Release|Any CPU.Build.0 = Release|Any CPU
		{C75BC4BB-96F9-4EBF-8BE0-62D3AC642152}.Debug|Any CPU.ActiveCfg = Debug|Any CPU
		{C75BC4BB-96F9-4EBF-8BE0-62D3AC642152}.Debug|Any CPU.Build.0 = Debug|Any CPU
		{C75BC4BB-96F9-4EBF-8BE0-62D3AC642152}.Release|Any CPU.ActiveCfg = Release|Any CPU
		{C75BC4BB-96F9-4EBF-8BE0-62D3AC642152}.Release|Any CPU.Build.0 = Release|Any CPU
		{26588A01-3E71-4F9A-B9BF-921A902138BF}.Debug|Any CPU.ActiveCfg = Debug|Any CPU
		{26588A01-3E71-4F9A-B9BF-921A902138BF}.Debug|Any CPU.Build.0 = Debug|Any CPU
		{26588A01-3E71-4F9A-B9BF-921A902138BF}.Release|Any CPU.ActiveCfg = Release|Any CPU
		{26588A01-3E71-4F9A-B9BF-921A902138BF}.Release|Any CPU.Build.0 = Release|Any CPU
	EndGlobalSection
	GlobalSection(SolutionProperties) = preSolution
		HideSolutionNode = FALSE
	EndGlobalSection
	GlobalSection(NestedProjects) = preSolution
		{C75BC4BB-96F9-4EBF-8BE0-62D3AC642152} = {4DC2F29A-E8BD-4C1B-A734-C87207245DEF}
		{26588A01-3E71-4F9A-B9BF-921A902138BF} = {4DC2F29A-E8BD-4C1B-A734-C87207245DEF}
	EndGlobalSection
	GlobalSection(ExtensibilityGlobals) = postSolution
		SolutionGuid = {283789CC-F85D-414B-98D7-BC747A23DE4D}
	EndGlobalSection
EndGlobal
